// !$*UTF8*$!
{
	archiveVersion = 1;
	classes = {
	};
	objectVersion = 50;
	objects = {

/* Begin PBXBuildFile section */
		8452084B20ED8EC900999DCD /* AppDelegate.swift in Sources */ = {isa = PBXBuildFile; fileRef = 8452084A20ED8EC900999DCD /* AppDelegate.swift */; };
		8452084D20ED8EC900999DCD /* GameScene.sks in Resources */ = {isa = PBXBuildFile; fileRef = 8452084C20ED8EC900999DCD /* GameScene.sks */; };
		8452084F20ED8EC900999DCD /* Actions.sks in Resources */ = {isa = PBXBuildFile; fileRef = 8452084E20ED8EC900999DCD /* Actions.sks */; };
		8452085120ED8EC900999DCD /* GameScene.swift in Sources */ = {isa = PBXBuildFile; fileRef = 8452085020ED8EC900999DCD /* GameScene.swift */; };
		8452085320ED8EC900999DCD /* GameViewController.swift in Sources */ = {isa = PBXBuildFile; fileRef = 8452085220ED8EC900999DCD /* GameViewController.swift */; };
		8452085620ED8EC900999DCD /* Main.storyboard in Resources */ = {isa = PBXBuildFile; fileRef = 8452085420ED8EC900999DCD /* Main.storyboard */; };
		8452085820ED8ECD00999DCD /* Assets.xcassets in Resources */ = {isa = PBXBuildFile; fileRef = 8452085720ED8ECD00999DCD /* Assets.xcassets */; };
		8452085B20ED8ECD00999DCD /* LaunchScreen.storyboard in Resources */ = {isa = PBXBuildFile; fileRef = 8452085920ED8ECD00999DCD /* LaunchScreen.storyboard */; };
		8452086620ED8ECD00999DCD /* TestTests.swift in Sources */ = {isa = PBXBuildFile; fileRef = 8452086520ED8ECD00999DCD /* TestTests.swift */; };
		8452087120ED8ECD00999DCD /* TestUITests.swift in Sources */ = {isa = PBXBuildFile; fileRef = 8452087020ED8ECD00999DCD /* TestUITests.swift */; };
/* End PBXBuildFile section */

/* Begin PBXContainerItemProxy section */
		8452086220ED8ECD00999DCD /* PBXContainerItemProxy */ = {
			isa = PBXContainerItemProxy;
			containerPortal = 8452083F20ED8EC900999DCD /* Project object */;
			proxyType = 1;
			remoteGlobalIDString = 8452084620ED8EC900999DCD;
			remoteInfo = Test;
		};
		8452086D20ED8ECD00999DCD /* PBXContainerItemProxy */ = {
			isa = PBXContainerItemProxy;
			containerPortal = 8452083F20ED8EC900999DCD /* Project object */;
			proxyType = 1;
			remoteGlobalIDString = 8452084620ED8EC900999DCD;
			remoteInfo = Test;
		};
/* End PBXContainerItemProxy section */

/* Begin PBXFileReference section */
		8452084720ED8EC900999DCD /* Test.app */ = {isa = PBXFileReference; explicitFileType = wrapper.application; includeInIndex = 0; path = Test.app; sourceTree = BUILT_PRODUCTS_DIR; };
		8452084A20ED8EC900999DCD /* AppDelegate.swift */ = {isa = PBXFileReference; lastKnownFileType = sourcecode.swift; path = AppDelegate.swift; sourceTree = "<group>"; };
		8452084C20ED8EC900999DCD /* GameScene.sks */ = {isa = PBXFileReference; lastKnownFileType = file.sks; path = GameScene.sks; sourceTree = "<group>"; };
		8452084E20ED8EC900999DCD /* Actions.sks */ = {isa = PBXFileReference; lastKnownFileType = file.sks; path = Actions.sks; sourceTree = "<group>"; };
		8452085020ED8EC900999DCD /* GameScene.swift */ = {isa = PBXFileReference; lastKnownFileType = sourcecode.swift; path = GameScene.swift; sourceTree = "<group>"; };
		8452085220ED8EC900999DCD /* GameViewController.swift */ = {isa = PBXFileReference; lastKnownFileType = sourcecode.swift; path = GameViewController.swift; sourceTree = "<group>"; };
		8452085520ED8EC900999DCD /* Base */ = {isa = PBXFileReference; lastKnownFileType = file.storyboard; name = Base; path = Base.lproj/Main.storyboard; sourceTree = "<group>"; };
		8452085720ED8ECD00999DCD /* Assets.xcassets */ = {isa = PBXFileReference; lastKnownFileType = folder.assetcatalog; path = Assets.xcassets; sourceTree = "<group>"; };
		8452085A20ED8ECD00999DCD /* Base */ = {isa = PBXFileReference; lastKnownFileType = file.storyboard; name = Base; path = Base.lproj/LaunchScreen.storyboard; sourceTree = "<group>"; };
		8452085C20ED8ECD00999DCD /* Info.plist */ = {isa = PBXFileReference; lastKnownFileType = text.plist.xml; path = Info.plist; sourceTree = "<group>"; };
		8452086120ED8ECD00999DCD /* TestTests.xctest */ = {isa = PBXFileReference; explicitFileType = wrapper.cfbundle; includeInIndex = 0; path = TestTests.xctest; sourceTree = BUILT_PRODUCTS_DIR; };
		8452086520ED8ECD00999DCD /* TestTests.swift */ = {isa = PBXFileReference; lastKnownFileType = sourcecode.swift; path = TestTests.swift; sourceTree = "<group>"; };
		8452086720ED8ECD00999DCD /* Info.plist */ = {isa = PBXFileReference; lastKnownFileType = text.plist.xml; path = Info.plist; sourceTree = "<group>"; };
		8452086C20ED8ECD00999DCD /* TestUITests.xctest */ = {isa = PBXFileReference; explicitFileType = wrapper.cfbundle; includeInIndex = 0; path = TestUITests.xctest; sourceTree = BUILT_PRODUCTS_DIR; };
		8452087020ED8ECD00999DCD /* TestUITests.swift */ = {isa = PBXFileReference; lastKnownFileType = sourcecode.swift; path = TestUITests.swift; sourceTree = "<group>"; };
		8452087220ED8ECD00999DCD /* Info.plist */ = {isa = PBXFileReference; lastKnownFileType = text.plist.xml; path = Info.plist; sourceTree = "<group>"; };
/* End PBXFileReference section */

/* Begin PBXFrameworksBuildPhase section */
		8452084420ED8EC900999DCD /* Frameworks */ = {
			isa = PBXFrameworksBuildPhase;
			buildActionMask = 2147483647;
			files = (
			);
			runOnlyForDeploymentPostprocessing = 0;
		};
		8452085E20ED8ECD00999DCD /* Frameworks */ = {
			isa = PBXFrameworksBuildPhase;
			buildActionMask = 2147483647;
			files = (
			);
			runOnlyForDeploymentPostprocessing = 0;
		};
		8452086920ED8ECD00999DCD /* Frameworks */ = {
			isa = PBXFrameworksBuildPhase;
			buildActionMask = 2147483647;
			files = (
			);
			runOnlyForDeploymentPostprocessing = 0;
		};
/* End PBXFrameworksBuildPhase section */

/* Begin PBXGroup section */
		8452083E20ED8EC900999DCD = {
			isa = PBXGroup;
			children = (
				8452084920ED8EC900999DCD /* Test */,
				8452086420ED8ECD00999DCD /* TestTests */,
				8452086F20ED8ECD00999DCD /* TestUITests */,
				8452084820ED8EC900999DCD /* Products */,
			);
			sourceTree = "<group>";
		};
		8452084820ED8EC900999DCD /* Products */ = {
			isa = PBXGroup;
			children = (
				8452084720ED8EC900999DCD /* Test.app */,
				8452086120ED8ECD00999DCD /* TestTests.xctest */,
				8452086C20ED8ECD00999DCD /* TestUITests.xctest */,
			);
			name = Products;
			sourceTree = "<group>";
		};
		8452084920ED8EC900999DCD /* Test */ = {
			isa = PBXGroup;
			children = (
				8452084A20ED8EC900999DCD /* AppDelegate.swift */,
				8452084C20ED8EC900999DCD /* GameScene.sks */,
				8452084E20ED8EC900999DCD /* Actions.sks */,
				8452085020ED8EC900999DCD /* GameScene.swift */,
				8452085220ED8EC900999DCD /* GameViewController.swift */,
				8452085420ED8EC900999DCD /* Main.storyboard */,
				8452085720ED8ECD00999DCD /* Assets.xcassets */,
				8452085920ED8ECD00999DCD /* LaunchScreen.storyboard */,
				8452085C20ED8ECD00999DCD /* Info.plist */,
			);
			path = Test;
			sourceTree = "<group>";
		};
		8452086420ED8ECD00999DCD /* TestTests */ = {
			isa = PBXGroup;
			children = (
				8452086520ED8ECD00999DCD /* TestTests.swift */,
				8452086720ED8ECD00999DCD /* Info.plist */,
			);
			path = TestTests;
			sourceTree = "<group>";
		};
		8452086F20ED8ECD00999DCD /* TestUITests */ = {
			isa = PBXGroup;
			children = (
				8452087020ED8ECD00999DCD /* TestUITests.swift */,
				8452087220ED8ECD00999DCD /* Info.plist */,
			);
			path = TestUITests;
			sourceTree = "<group>";
		};
/* End PBXGroup section */

/* Begin PBXNativeTarget section */
		8452084620ED8EC900999DCD /* Test */ = {
			isa = PBXNativeTarget;
			buildConfigurationList = 8452087520ED8ECD00999DCD /* Build configuration list for PBXNativeTarget "Test" */;
			buildPhases = (
				8452084320ED8EC900999DCD /* Sources */,
				8452084420ED8EC900999DCD /* Frameworks */,
				8452084520ED8EC900999DCD /* Resources */,
			);
			buildRules = (
			);
			dependencies = (
			);
			name = Test;
			productName = Test;
			productReference = 8452084720ED8EC900999DCD /* Test.app */;
			productType = "com.apple.product-type.application";
		};
		8452086020ED8ECD00999DCD /* TestTests */ = {
			isa = PBXNativeTarget;
			buildConfigurationList = 8452087820ED8ECD00999DCD /* Build configuration list for PBXNativeTarget "TestTests" */;
			buildPhases = (
				8452085D20ED8ECD00999DCD /* Sources */,
				8452085E20ED8ECD00999DCD /* Frameworks */,
				8452085F20ED8ECD00999DCD /* Resources */,
			);
			buildRules = (
			);
			dependencies = (
				8452086320ED8ECD00999DCD /* PBXTargetDependency */,
			);
			name = TestTests;
			productName = TestTests;
			productReference = 8452086120ED8ECD00999DCD /* TestTests.xctest */;
			productType = "com.apple.product-type.bundle.unit-test";
		};
		8452086B20ED8ECD00999DCD /* TestUITests */ = {
			isa = PBXNativeTarget;
			buildConfigurationList = 8452087B20ED8ECD00999DCD /* Build configuration list for PBXNativeTarget "TestUITests" */;
			buildPhases = (
				8452086820ED8ECD00999DCD /* Sources */,
				8452086920ED8ECD00999DCD /* Frameworks */,
				8452086A20ED8ECD00999DCD /* Resources */,
			);
			buildRules = (
			);
			dependencies = (
				8452086E20ED8ECD00999DCD /* PBXTargetDependency */,
			);
			name = TestUITests;
			productName = TestUITests;
			productReference = 8452086C20ED8ECD00999DCD /* TestUITests.xctest */;
			productType = "com.apple.product-type.bundle.ui-testing";
		};
/* End PBXNativeTarget section */

/* Begin PBXProject section */
		8452083F20ED8EC900999DCD /* Project object */ = {
			isa = PBXProject;
			attributes = {
				LastSwiftUpdateCheck = 0940;
				LastUpgradeCheck = 0940;
				ORGANIZATIONNAME = "King Brent the 3rd";
				TargetAttributes = {
					8452084620ED8EC900999DCD = {
						CreatedOnToolsVersion = 9.4;
					};
					8452086020ED8ECD00999DCD = {
						CreatedOnToolsVersion = 9.4;
						TestTargetID = 8452084620ED8EC900999DCD;
					};
					8452086B20ED8ECD00999DCD = {
						CreatedOnToolsVersion = 9.4;
						TestTargetID = 8452084620ED8EC900999DCD;
					};
				};
			};
			buildConfigurationList = 8452084220ED8EC900999DCD /* Build configuration list for PBXProject "Test" */;
			compatibilityVersion = "Xcode 9.3";
			developmentRegion = en;
			hasScannedForEncodings = 0;
			knownRegions = (
				en,
				Base,
			);
			mainGroup = 8452083E20ED8EC900999DCD;
			productRefGroup = 8452084820ED8EC900999DCD /* Products */;
			projectDirPath = "";
			projectRoot = "";
			targets = (
				8452084620ED8EC900999DCD /* Test */,
				8452086020ED8ECD00999DCD /* TestTests */,
				8452086B20ED8ECD00999DCD /* TestUITests */,
			);
		};
/* End PBXProject section */

/* Begin PBXResourcesBuildPhase section */
		8452084520ED8EC900999DCD /* Resources */ = {
			isa = PBXResourcesBuildPhase;
			buildActionMask = 2147483647;
			files = (
				8452085620ED8EC900999DCD /* Main.storyboard in Resources */,
				8452084D20ED8EC900999DCD /* GameScene.sks in Resources */,
				8452085820ED8ECD00999DCD /* Assets.xcassets in Resources */,
				8452085B20ED8ECD00999DCD /* LaunchScreen.storyboard in Resources */,
				8452084F20ED8EC900999DCD /* Actions.sks in Resources */,
			);
			runOnlyForDeploymentPostprocessing = 0;
		};
		8452085F20ED8ECD00999DCD /* Resources */ = {
			isa = PBXResourcesBuildPhase;
			buildActionMask = 2147483647;
			files = (
			);
			runOnlyForDeploymentPostprocessing = 0;
		};
		8452086A20ED8ECD00999DCD /* Resources */ = {
			isa = PBXResourcesBuildPhase;
			buildActionMask = 2147483647;
			files = (
			);
			runOnlyForDeploymentPostprocessing = 0;
		};
/* End PBXResourcesBuildPhase section */

/* Begin PBXSourcesBuildPhase section */
		8452084320ED8EC900999DCD /* Sources */ = {
			isa = PBXSourcesBuildPhase;
			buildActionMask = 2147483647;
			files = (
				8452085120ED8EC900999DCD /* GameScene.swift in Sources */,
				8452085320ED8EC900999DCD /* GameViewController.swift in Sources */,
				8452084B20ED8EC900999DCD /* AppDelegate.swift in Sources */,
			);
			runOnlyForDeploymentPostprocessing = 0;
		};
		8452085D20ED8ECD00999DCD /* Sources */ = {
			isa = PBXSourcesBuildPhase;
			buildActionMask = 2147483647;
			files = (
				8452086620ED8ECD00999DCD /* TestTests.swift in Sources */,
			);
			runOnlyForDeploymentPostprocessing = 0;
		};
		8452086820ED8ECD00999DCD /* Sources */ = {
			isa = PBXSourcesBuildPhase;
			buildActionMask = 2147483647;
			files = (
				8452087120ED8ECD00999DCD /* TestUITests.swift in Sources */,
			);
			runOnlyForDeploymentPostprocessing = 0;
		};
/* End PBXSourcesBuildPhase section */

/* Begin PBXTargetDependency section */
		8452086320ED8ECD00999DCD /* PBXTargetDependency */ = {
			isa = PBXTargetDependency;
			target = 8452084620ED8EC900999DCD /* Test */;
			targetProxy = 8452086220ED8ECD00999DCD /* PBXContainerItemProxy */;
		};
		8452086E20ED8ECD00999DCD /* PBXTargetDependency */ = {
			isa = PBXTargetDependency;
			target = 8452084620ED8EC900999DCD /* Test */;
			targetProxy = 8452086D20ED8ECD00999DCD /* PBXContainerItemProxy */;
		};
/* End PBXTargetDependency section */

/* Begin PBXVariantGroup section */
		8452085420ED8EC900999DCD /* Main.storyboard */ = {
			isa = PBXVariantGroup;
			children = (
				8452085520ED8EC900999DCD /* Base */,
			);
			name = Main.storyboard;
			sourceTree = "<group>";
		};
		8452085920ED8ECD00999DCD /* LaunchScreen.storyboard */ = {
			isa = PBXVariantGroup;
			children = (
				8452085A20ED8ECD00999DCD /* Base */,
			);
			name = LaunchScreen.storyboard;
			sourceTree = "<group>";
		};
/* End PBXVariantGroup section */

/* Begin XCBuildConfiguration section */
		8452087320ED8ECD00999DCD /* Debug */ = {
			isa = XCBuildConfiguration;
			buildSettings = {
				ALWAYS_SEARCH_USER_PATHS = NO;
				CLANG_ANALYZER_NONNULL = YES;
				CLANG_ANALYZER_NUMBER_OBJECT_CONVERSION = YES_AGGRESSIVE;
				CLANG_CXX_LANGUAGE_STANDARD = "gnu++14";
				CLANG_CXX_LIBRARY = "libc++";
				CLANG_ENABLE_MODULES = YES;
				CLANG_ENABLE_OBJC_ARC = YES;
				CLANG_ENABLE_OBJC_WEAK = YES;
				CLANG_WARN_BLOCK_CAPTURE_AUTORELEASING = YES;
				CLANG_WARN_BOOL_CONVERSION = YES;
				CLANG_WARN_COMMA = YES;
				CLANG_WARN_CONSTANT_CONVERSION = YES;
				CLANG_WARN_DEPRECATED_OBJC_IMPLEMENTATIONS = YES;
				CLANG_WARN_DIRECT_OBJC_ISA_USAGE = YES_ERROR;
				CLANG_WARN_DOCUMENTATION_COMMENTS = YES;
				CLANG_WARN_EMPTY_BODY = YES;
				CLANG_WARN_ENUM_CONVERSION = YES;
				CLANG_WARN_INFINITE_RECURSION = YES;
				CLANG_WARN_INT_CONVERSION = YES;
				CLANG_WARN_NON_LITERAL_NULL_CONVERSION = YES;
				CLANG_WARN_OBJC_IMPLICIT_RETAIN_SELF = YES;
				CLANG_WARN_OBJC_LITERAL_CONVERSION = YES;
				CLANG_WARN_OBJC_ROOT_CLASS = YES_ERROR;
				CLANG_WARN_RANGE_LOOP_ANALYSIS = YES;
				CLANG_WARN_STRICT_PROTOTYPES = YES;
				CLANG_WARN_SUSPICIOUS_MOVE = YES;
				CLANG_WARN_UNGUARDED_AVAILABILITY = YES_AGGRESSIVE;
				CLANG_WARN_UNREACHABLE_CODE = YES;
				CLANG_WARN__DUPLICATE_METHOD_MATCH = YES;
				CODE_SIGN_IDENTITY = "iPhone Developer";
				COPY_PHASE_STRIP = NO;
				DEBUG_INFORMATION_FORMAT = dwarf;
				ENABLE_STRICT_OBJC_MSGSEND = YES;
				ENABLE_TESTABILITY = YES;
				GCC_C_LANGUAGE_STANDARD = gnu11;
				GCC_DYNAMIC_NO_PIC = NO;
				GCC_NO_COMMON_BLOCKS = YES;
				GCC_OPTIMIZATION_LEVEL = 0;
				GCC_PREPROCESSOR_DEFINITIONS = (
					"DEBUG=1",
					"$(inherited)",
				);
				GCC_WARN_64_TO_32_BIT_CONVERSION = YES;
				GCC_WARN_ABOUT_RETURN_TYPE = YES_ERROR;
				GCC_WARN_UNDECLARED_SELECTOR = YES;
				GCC_WARN_UNINITIALIZED_AUTOS = YES_AGGRESSIVE;
				GCC_WARN_UNUSED_FUNCTION = YES;
				GCC_WARN_UNUSED_VARIABLE = YES;
				IPHONEOS_DEPLOYMENT_TARGET = 11.4;
				MTL_ENABLE_DEBUG_INFO = YES;
				ONLY_ACTIVE_ARCH = YES;
				SDKROOT = iphoneos;
				SWIFT_ACTIVE_COMPILATION_CONDITIONS = DEBUG;
				SWIFT_OPTIMIZATION_LEVEL = "-Onone";
			};
			name = Debug;
		};
		8452087420ED8ECD00999DCD /* Release */ = {
			isa = XCBuildConfiguration;
			buildSettings = {
				ALWAYS_SEARCH_USER_PATHS = NO;
				CLANG_ANALYZER_NONNULL = YES;
				CLANG_ANALYZER_NUMBER_OBJECT_CONVERSION = YES_AGGRESSIVE;
				CLANG_CXX_LANGUAGE_STANDARD = "gnu++14";
				CLANG_CXX_LIBRARY = "libc++";
				CLANG_ENABLE_MODULES = YES;
				CLANG_ENABLE_OBJC_ARC = YES;
				CLANG_ENABLE_OBJC_WEAK = YES;
				CLANG_WARN_BLOCK_CAPTURE_AUTORELEASING = YES;
				CLANG_WARN_BOOL_CONVERSION = YES;
				CLANG_WARN_COMMA = YES;
				CLANG_WARN_CONSTANT_CONVERSION = YES;
				CLANG_WARN_DEPRECATED_OBJC_IMPLEMENTATIONS = YES;
				CLANG_WARN_DIRECT_OBJC_ISA_USAGE = YES_ERROR;
				CLANG_WARN_DOCUMENTATION_COMMENTS = YES;
				CLANG_WARN_EMPTY_BODY = YES;
				CLANG_WARN_ENUM_CONVERSION = YES;
				CLANG_WARN_INFINITE_RECURSION = YES;
				CLANG_WARN_INT_CONVERSION = YES;
				CLANG_WARN_NON_LITERAL_NULL_CONVERSION = YES;
				CLANG_WARN_OBJC_IMPLICIT_RETAIN_SELF = YES;
				CLANG_WARN_OBJC_LITERAL_CONVERSION = YES;
				CLANG_WARN_OBJC_ROOT_CLASS = YES_ERROR;
				CLANG_WARN_RANGE_LOOP_ANALYSIS = YES;
				CLANG_WARN_STRICT_PROTOTYPES = YES;
				CLANG_WARN_SUSPICIOUS_MOVE = YES;
				CLANG_WARN_UNGUARDED_AVAILABILITY = YES_AGGRESSIVE;
				CLANG_WARN_UNREACHABLE_CODE = YES;
				CLANG_WARN__DUPLICATE_METHOD_MATCH = YES;
				CODE_SIGN_IDENTITY = "iPhone Developer";
				COPY_PHASE_STRIP = NO;
				DEBUG_INFORMATION_FORMAT = "dwarf-with-dsym";
				ENABLE_NS_ASSERTIONS = NO;
				ENABLE_STRICT_OBJC_MSGSEND = YES;
				GCC_C_LANGUAGE_STANDARD = gnu11;
				GCC_NO_COMMON_BLOCKS = YES;
				GCC_WARN_64_TO_32_BIT_CONVERSION = YES;
				GCC_WARN_ABOUT_RETURN_TYPE = YES_ERROR;
				GCC_WARN_UNDECLARED_SELECTOR = YES;
				GCC_WARN_UNINITIALIZED_AUTOS = YES_AGGRESSIVE;
				GCC_WARN_UNUSED_FUNCTION = YES;
				GCC_WARN_UNUSED_VARIABLE = YES;
				IPHONEOS_DEPLOYMENT_TARGET = 11.4;
				MTL_ENABLE_DEBUG_INFO = NO;
				SDKROOT = iphoneos;
				SWIFT_COMPILATION_MODE = wholemodule;
				SWIFT_OPTIMIZATION_LEVEL = "-O";
				VALIDATE_PRODUCT = YES;
			};
			name = Release;
		};
		8452087620ED8ECD00999DCD /* Debug */ = {
			isa = XCBuildConfiguration;
			buildSettings = {
				ASSETCATALOG_COMPILER_APPICON_NAME = AppIcon;
				CODE_SIGN_STYLE = Automatic;
				DEVELOPMENT_TEAM = 68L9LKUQ7U;
				INFOPLIST_FILE = Test/Info.plist;
				LD_RUNPATH_SEARCH_PATHS = (
					"$(inherited)",
					"@executable_path/Frameworks",
				);
				PRODUCT_BUNDLE_IDENTIFIER = yehaw;
				PRODUCT_NAME = "$(TARGET_NAME)";
				SWIFT_VERSION = 4.0;
				TARGETED_DEVICE_FAMILY = "1,2";
			};
			name = Debug;
		};
		8452087720ED8ECD00999DCD /* Release */ = {
			isa = XCBuildConfiguration;
			buildSettings = {
				ASSETCATALOG_COMPILER_APPICON_NAME = AppIcon;
				CODE_SIGN_STYLE = Automatic;
				DEVELOPMENT_TEAM = 68L9LKUQ7U;
				INFOPLIST_FILE = Test/Info.plist;
				LD_RUNPATH_SEARCH_PATHS = (
					"$(inherited)",
					"@executable_path/Frameworks",
				);
				PRODUCT_BUNDLE_IDENTIFIER = yehaw;
				PRODUCT_NAME = "$(TARGET_NAME)";
				SWIFT_VERSION = 4.0;
				TARGETED_DEVICE_FAMILY = "1,2";
			};
			name = Release;
		};
		8452087920ED8ECD00999DCD /* Debug */ = {
			isa = XCBuildConfiguration;
			buildSettings = {
				ALWAYS_EMBED_SWIFT_STANDARD_LIBRARIES = YES;
				BUNDLE_LOADER = "$(TEST_HOST)";
				CODE_SIGN_STYLE = Automatic;
				INFOPLIST_FILE = TestTests/Info.plist;
				LD_RUNPATH_SEARCH_PATHS = (
					"$(inherited)",
					"@executable_path/Frameworks",
					"@loader_path/Frameworks",
				);
				PRODUCT_BUNDLE_IDENTIFIER = test.TestTests;
				PRODUCT_NAME = "$(TARGET_NAME)";
				SWIFT_VERSION = 4.0;
				TARGETED_DEVICE_FAMILY = "1,2";
				TEST_HOST = "$(BUILT_PRODUCTS_DIR)/Test.app/Test";
			};
			name = Debug;
		};
		8452087A20ED8ECD00999DCD /* Release */ = {
			isa = XCBuildConfiguration;
			buildSettings = {
				ALWAYS_EMBED_SWIFT_STANDARD_LIBRARIES = YES;
				BUNDLE_LOADER = "$(TEST_HOST)";
				CODE_SIGN_STYLE = Automatic;
				INFOPLIST_FILE = TestTests/Info.plist;
				LD_RUNPATH_SEARCH_PATHS = (
					"$(inherited)",
					"@executable_path/Frameworks",
					"@loader_path/Frameworks",
				);
				PRODUCT_BUNDLE_IDENTIFIER = test.TestTests;
				PRODUCT_NAME = "$(TARGET_NAME)";
				SWIFT_VERSION = 4.0;
				TARGETED_DEVICE_FAMILY = "1,2";
				TEST_HOST = "$(BUILT_PRODUCTS_DIR)/Test.app/Test";
			};
			name = Release;
		};
		8452087C20ED8ECD00999DCD /* Debug */ = {
			isa = XCBuildConfiguration;
			buildSettings = {
				ALWAYS_EMBED_SWIFT_STANDARD_LIBRARIES = YES;
				CODE_SIGN_STYLE = Automatic;
				INFOPLIST_FILE = TestUITests/Info.plist;
				LD_RUNPATH_SEARCH_PATHS = (
					"$(inherited)",
					"@executable_path/Frameworks",
					"@loader_path/Frameworks",
				);
				PRODUCT_BUNDLE_IDENTIFIER = test.TestUITests;
				PRODUCT_NAME = "$(TARGET_NAME)";
				SWIFT_VERSION = 4.0;
				TARGETED_DEVICE_FAMILY = "1,2";
				TEST_TARGET_NAME = Test;
			};
			name = Debug;
		};
		8452087D20ED8ECD00999DCD /* Release */ = {
			isa = XCBuildConfiguration;
			buildSettings = {
				ALWAYS_EMBED_SWIFT_STANDARD_LIBRARIES = YES;
				CODE_SIGN_STYLE = Automatic;
				INFOPLIST_FILE = TestUITests/Info.plist;
				LD_RUNPATH_SEARCH_PATHS = (
					"$(inherited)",
					"@executable_path/Frameworks",
					"@loader_path/Frameworks",
				);
				PRODUCT_BUNDLE_IDENTIFIER = test.TestUITests;
				PRODUCT_NAME = "$(TARGET_NAME)";
				SWIFT_VERSION = 4.0;
				TARGETED_DEVICE_FAMILY = "1,2";
				TEST_TARGET_NAME = Test;
			};
			name = Release;
		};
/* End XCBuildConfiguration section */

/* Begin XCConfigurationList section */
		8452084220ED8EC900999DCD /* Build configuration list for PBXProject "Test" */ = {
			isa = XCConfigurationList;
			buildConfigurations = (
				8452087320ED8ECD00999DCD /* Debug */,
				8452087420ED8ECD00999DCD /* Release */,
			);
			defaultConfigurationIsVisible = 0;
			defaultConfigurationName = Release;
		};
		8452087520ED8ECD00999DCD /* Build configuration list for PBXNativeTarget "Test" */ = {
			isa = XCConfigurationList;
			buildConfigurations = (
				8452087620ED8ECD00999DCD /* Debug */,
				8452087720ED8ECD00999DCD /* Release */,
			);
			defaultConfigurationIsVisible = 0;
			defaultConfigurationName = Release;
		};
		8452087820ED8ECD00999DCD /* Build configuration list for PBXNativeTarget "TestTests" */ = {
			isa = XCConfigurationList;
			buildConfigurations = (
				8452087920ED8ECD00999DCD /* Debug */,
				8452087A20ED8ECD00999DCD /* Release */,
			);
			defaultConfigurationIsVisible = 0;
			defaultConfigurationName = Release;
		};
		8452087B20ED8ECD00999DCD /* Build configuration list for PBXNativeTarget "TestUITests" */ = {
			isa = XCConfigurationList;
			buildConfigurations = (
				8452087C20ED8ECD00999DCD /* Debug */,
				8452087D20ED8ECD00999DCD /* Release */,
			);
			defaultConfigurationIsVisible = 0;
			defaultConfigurationName = Release;
		};
/* End XCConfigurationList section */
	};
	rootObject = 8452083F20ED8EC900999DCD /* Project object */;
}
